// !$*UTF8*$!
{
	archiveVersion = 1;
	classes = {
	};
	objectVersion = 50;
	objects = {

/* Begin PBXBuildFile section */
		490F1C8A22FB7A46008DBA11 /* CuralateKit.h in Headers */ = {isa = PBXBuildFile; fileRef = 490F1C7C22FB7A45008DBA11 /* CuralateKit.h */; settings = {ATTRIBUTES = (Public, ); }; };
		4927A387239860E100050296 /* CuralateKitTests.swift in Sources */ = {isa = PBXBuildFile; fileRef = 4927A386239860E100050296 /* CuralateKitTests.swift */; };
		4927A389239860E100050296 /* CuralateKit.framework in Frameworks */ = {isa = PBXBuildFile; fileRef = 490F1C7922FB7A45008DBA11 /* CuralateKit.framework */; };
		494B263023A153B200FF2812 /* OHHTTPStubs.framework in Frameworks */ = {isa = PBXBuildFile; fileRef = 494B262F23A153B200FF2812 /* OHHTTPStubs.framework */; };
		494B263123A153CD00FF2812 /* OHHTTPStubs.framework in CopyFiles */ = {isa = PBXBuildFile; fileRef = 494B262F23A153B200FF2812 /* OHHTTPStubs.framework */; settings = {ATTRIBUTES = (CodeSignOnCopy, RemoveHeadersOnCopy, ); }; };
		49621E8223985E0100C10680 /* String.swift in Sources */ = {isa = PBXBuildFile; fileRef = 49621E8123985E0100C10680 /* String.swift */; };
		49621E8B23985E6E00C10680 /* NetworkPhoto.swift in Sources */ = {isa = PBXBuildFile; fileRef = 49621E8A23985E6E00C10680 /* NetworkPhoto.swift */; };
		49621E8C23985E6E00C10680 /* MediaItem.swift in Sources */ = {isa = PBXBuildFile; fileRef = 49621E8723985E6E00C10680 /* MediaItem.swift */; };
		49621E8D23985E6E00C10680 /* MediaItemProduct.swift in Sources */ = {isa = PBXBuildFile; fileRef = 49621E8823985E6E00C10680 /* MediaItemProduct.swift */; };
		49621E8E23985E6E00C10680 /* MediaItemSource.swift in Sources */ = {isa = PBXBuildFile; fileRef = 49621E8923985E6E00C10680 /* MediaItemSource.swift */; };
		49621E9023985E8E00C10680 /* GetMediaResponse.swift in Sources */ = {isa = PBXBuildFile; fileRef = 49621E8F23985E8E00C10680 /* GetMediaResponse.swift */; };
		49621E9223985EA300C10680 /* MediaFilter.swift in Sources */ = {isa = PBXBuildFile; fileRef = 49621E9123985EA300C10680 /* MediaFilter.swift */; };
		49621E9523985ED000C10680 /* PagingCursor.swift in Sources */ = {isa = PBXBuildFile; fileRef = 49621E9423985ED000C10680 /* PagingCursor.swift */; };
		4962A7862301D12000DBF815 /* Client.swift in Sources */ = {isa = PBXBuildFile; fileRef = 4962A7852301D12000DBF815 /* Client.swift */; };
		4962A78E2301D74A00DBF815 /* Curalate.swift in Sources */ = {isa = PBXBuildFile; fileRef = 4962A78D2301D74A00DBF815 /* Curalate.swift */; };
		496DE397230B162A0033CABE /* CuralateAPIError.swift in Sources */ = {isa = PBXBuildFile; fileRef = 496DE396230B162A0033CABE /* CuralateAPIError.swift */; };
		496DE399230B21610033CABE /* MediaSort.swift in Sources */ = {isa = PBXBuildFile; fileRef = 496DE398230B21610033CABE /* MediaSort.swift */; };
		4970E2DD2398738600DE70CF /* getMedia01.json in Resources */ = {isa = PBXBuildFile; fileRef = 4970E2D923986E4D00DE70CF /* getMedia01.json */; };
		4970E2DF2398807200DE70CF /* Image.swift in Sources */ = {isa = PBXBuildFile; fileRef = 4970E2DE2398807200DE70CF /* Image.swift */; };
		4970E2E12398809500DE70CF /* Video.swift in Sources */ = {isa = PBXBuildFile; fileRef = 4970E2E02398809500DE70CF /* Video.swift */; };
		4970E2E3239882AF00DE70CF /* NetworkMedia.swift in Sources */ = {isa = PBXBuildFile; fileRef = 4970E2E2239882AF00DE70CF /* NetworkMedia.swift */; };
		4970E2EB23988F2D00DE70CF /* NetworkVideo.swift in Sources */ = {isa = PBXBuildFile; fileRef = 4970E2EA23988F2D00DE70CF /* NetworkVideo.swift */; };
		4970E2ED2398905300DE70CF /* NetworkGif.swift in Sources */ = {isa = PBXBuildFile; fileRef = 4970E2EC2398905300DE70CF /* NetworkGif.swift */; };
		49F089822318294B0046C455 /* EventType.swift in Sources */ = {isa = PBXBuildFile; fileRef = 49F089812318294B0046C455 /* EventType.swift */; };
/* End PBXBuildFile section */

/* Begin PBXContainerItemProxy section */
		4927A38A239860E100050296 /* PBXContainerItemProxy */ = {
			isa = PBXContainerItemProxy;
			containerPortal = 490F1C7022FB7A45008DBA11 /* Project object */;
			proxyType = 1;
			remoteGlobalIDString = 490F1C7822FB7A45008DBA11;
			remoteInfo = CuralateKit;
		};
/* End PBXContainerItemProxy section */

/* Begin PBXCopyFilesBuildPhase section */
		494B262823A1519C00FF2812 /* Embed Frameworks */ = {
			isa = PBXCopyFilesBuildPhase;
			buildActionMask = 2147483647;
			dstPath = "";
			dstSubfolderSpec = 10;
			files = (
			);
			name = "Embed Frameworks";
			runOnlyForDeploymentPostprocessing = 0;
		};
		494B262923A151E400FF2812 /* CopyFiles */ = {
			isa = PBXCopyFilesBuildPhase;
			buildActionMask = 2147483647;
			dstPath = "";
			dstSubfolderSpec = 10;
			files = (
				494B263123A153CD00FF2812 /* OHHTTPStubs.framework in CopyFiles */,
			);
			runOnlyForDeploymentPostprocessing = 0;
		};
/* End PBXCopyFilesBuildPhase section */

/* Begin PBXFileReference section */
		490F1C7922FB7A45008DBA11 /* CuralateKit.framework */ = {isa = PBXFileReference; explicitFileType = wrapper.framework; includeInIndex = 0; path = CuralateKit.framework; sourceTree = BUILT_PRODUCTS_DIR; };
		490F1C7C22FB7A45008DBA11 /* CuralateKit.h */ = {isa = PBXFileReference; lastKnownFileType = sourcecode.c.h; path = CuralateKit.h; sourceTree = "<group>"; };
		490F1C7D22FB7A45008DBA11 /* Info.plist */ = {isa = PBXFileReference; lastKnownFileType = text.plist.xml; path = Info.plist; sourceTree = "<group>"; };
		4927A384239860E100050296 /* CuralateKitTests.xctest */ = {isa = PBXFileReference; explicitFileType = wrapper.cfbundle; includeInIndex = 0; path = CuralateKitTests.xctest; sourceTree = BUILT_PRODUCTS_DIR; };
		4927A386239860E100050296 /* CuralateKitTests.swift */ = {isa = PBXFileReference; lastKnownFileType = sourcecode.swift; path = CuralateKitTests.swift; sourceTree = "<group>"; };
		4927A388239860E100050296 /* Info.plist */ = {isa = PBXFileReference; lastKnownFileType = text.plist.xml; path = Info.plist; sourceTree = "<group>"; };
		494B262F23A153B200FF2812 /* OHHTTPStubs.framework */ = {isa = PBXFileReference; lastKnownFileType = wrapper.framework; name = OHHTTPStubs.framework; path = Carthage/Build/iOS/OHHTTPStubs.framework; sourceTree = SOURCE_ROOT; };
		49621E8123985E0100C10680 /* String.swift */ = {isa = PBXFileReference; lastKnownFileType = sourcecode.swift; path = String.swift; sourceTree = "<group>"; };
		49621E8723985E6E00C10680 /* MediaItem.swift */ = {isa = PBXFileReference; lastKnownFileType = sourcecode.swift; path = MediaItem.swift; sourceTree = "<group>"; };
		49621E8823985E6E00C10680 /* MediaItemProduct.swift */ = {isa = PBXFileReference; lastKnownFileType = sourcecode.swift; path = MediaItemProduct.swift; sourceTree = "<group>"; };
		49621E8923985E6E00C10680 /* MediaItemSource.swift */ = {isa = PBXFileReference; lastKnownFileType = sourcecode.swift; path = MediaItemSource.swift; sourceTree = "<group>"; };
		49621E8A23985E6E00C10680 /* NetworkPhoto.swift */ = {isa = PBXFileReference; lastKnownFileType = sourcecode.swift; path = NetworkPhoto.swift; sourceTree = "<group>"; };
		49621E8F23985E8E00C10680 /* GetMediaResponse.swift */ = {isa = PBXFileReference; lastKnownFileType = sourcecode.swift; path = GetMediaResponse.swift; sourceTree = "<group>"; };
		49621E9123985EA300C10680 /* MediaFilter.swift */ = {isa = PBXFileReference; lastKnownFileType = sourcecode.swift; path = MediaFilter.swift; sourceTree = "<group>"; };
		49621E9423985ED000C10680 /* PagingCursor.swift */ = {isa = PBXFileReference; fileEncoding = 4; lastKnownFileType = sourcecode.swift; path = PagingCursor.swift; sourceTree = "<group>"; };
		4962A7852301D12000DBF815 /* Client.swift */ = {isa = PBXFileReference; lastKnownFileType = sourcecode.swift; path = Client.swift; sourceTree = "<group>"; };
		4962A78D2301D74A00DBF815 /* Curalate.swift */ = {isa = PBXFileReference; lastKnownFileType = sourcecode.swift; path = Curalate.swift; sourceTree = "<group>"; };
		496DE396230B162A0033CABE /* CuralateAPIError.swift */ = {isa = PBXFileReference; lastKnownFileType = sourcecode.swift; path = CuralateAPIError.swift; sourceTree = "<group>"; };
		496DE398230B21610033CABE /* MediaSort.swift */ = {isa = PBXFileReference; lastKnownFileType = sourcecode.swift; path = MediaSort.swift; sourceTree = "<group>"; };
		4970E2D923986E4D00DE70CF /* getMedia01.json */ = {isa = PBXFileReference; lastKnownFileType = text.json; path = getMedia01.json; sourceTree = "<group>"; };
		4970E2DE2398807200DE70CF /* Image.swift */ = {isa = PBXFileReference; lastKnownFileType = sourcecode.swift; path = Image.swift; sourceTree = "<group>"; };
		4970E2E02398809500DE70CF /* Video.swift */ = {isa = PBXFileReference; lastKnownFileType = sourcecode.swift; path = Video.swift; sourceTree = "<group>"; };
		4970E2E2239882AF00DE70CF /* NetworkMedia.swift */ = {isa = PBXFileReference; lastKnownFileType = sourcecode.swift; path = NetworkMedia.swift; sourceTree = "<group>"; };
		4970E2EA23988F2D00DE70CF /* NetworkVideo.swift */ = {isa = PBXFileReference; lastKnownFileType = sourcecode.swift; path = NetworkVideo.swift; sourceTree = "<group>"; };
		4970E2EC2398905300DE70CF /* NetworkGif.swift */ = {isa = PBXFileReference; lastKnownFileType = sourcecode.swift; path = NetworkGif.swift; sourceTree = "<group>"; };
		49F089812318294B0046C455 /* EventType.swift */ = {isa = PBXFileReference; lastKnownFileType = sourcecode.swift; path = EventType.swift; sourceTree = "<group>"; };
/* End PBXFileReference section */

/* Begin PBXFrameworksBuildPhase section */
		490F1C7622FB7A45008DBA11 /* Frameworks */ = {
			isa = PBXFrameworksBuildPhase;
			buildActionMask = 2147483647;
			files = (
			);
			runOnlyForDeploymentPostprocessing = 0;
		};
		4927A381239860E100050296 /* Frameworks */ = {
			isa = PBXFrameworksBuildPhase;
			buildActionMask = 2147483647;
			files = (
				4927A389239860E100050296 /* CuralateKit.framework in Frameworks */,
				494B263023A153B200FF2812 /* OHHTTPStubs.framework in Frameworks */,
			);
			runOnlyForDeploymentPostprocessing = 0;
		};
/* End PBXFrameworksBuildPhase section */

/* Begin PBXGroup section */
		490F1C6F22FB7A45008DBA11 = {
			isa = PBXGroup;
			children = (
				490F1C7B22FB7A45008DBA11 /* CuralateKit */,
				4927A385239860E100050296 /* CuralateKitTests */,
				490F1C7A22FB7A45008DBA11 /* Products */,
				494B262E23A1531E00FF2812 /* Frameworks */,
			);
			sourceTree = "<group>";
		};
		490F1C7A22FB7A45008DBA11 /* Products */ = {
			isa = PBXGroup;
			children = (
				490F1C7922FB7A45008DBA11 /* CuralateKit.framework */,
				4927A384239860E100050296 /* CuralateKitTests.xctest */,
			);
			name = Products;
			sourceTree = "<group>";
		};
		490F1C7B22FB7A45008DBA11 /* CuralateKit */ = {
			isa = PBXGroup;
			children = (
				49621E8423985E5B00C10680 /* Responses */,
				49621E8323985E4700C10680 /* Requests */,
				49621E8023985DFC00C10680 /* Extensions */,
				49621E9323985EC300C10680 /* Shared */,
				490F1C7C22FB7A45008DBA11 /* CuralateKit.h */,
				490F1C7D22FB7A45008DBA11 /* Info.plist */,
				4962A7852301D12000DBF815 /* Client.swift */,
				4962A78D2301D74A00DBF815 /* Curalate.swift */,
				496DE396230B162A0033CABE /* CuralateAPIError.swift */,
				496DE398230B21610033CABE /* MediaSort.swift */,
				49F089812318294B0046C455 /* EventType.swift */,
			);
			path = CuralateKit;
			sourceTree = "<group>";
		};
		4927A385239860E100050296 /* CuralateKitTests */ = {
			isa = PBXGroup;
			children = (
				4970E2D923986E4D00DE70CF /* getMedia01.json */,
				4927A386239860E100050296 /* CuralateKitTests.swift */,
				4927A388239860E100050296 /* Info.plist */,
			);
			path = CuralateKitTests;
			sourceTree = "<group>";
		};
		494B262E23A1531E00FF2812 /* Frameworks */ = {
			isa = PBXGroup;
			children = (
				494B262F23A153B200FF2812 /* OHHTTPStubs.framework */,
			);
			path = Frameworks;
			sourceTree = "<group>";
		};
		49621E8023985DFC00C10680 /* Extensions */ = {
			isa = PBXGroup;
			children = (
				49621E8123985E0100C10680 /* String.swift */,
			);
			path = Extensions;
			sourceTree = "<group>";
		};
		49621E8323985E4700C10680 /* Requests */ = {
			isa = PBXGroup;
			children = (
				49621E9123985EA300C10680 /* MediaFilter.swift */,
			);
			path = Requests;
			sourceTree = "<group>";
		};
		49621E8423985E5B00C10680 /* Responses */ = {
			isa = PBXGroup;
			children = (
				49621E8723985E6E00C10680 /* MediaItem.swift */,
				49621E8F23985E8E00C10680 /* GetMediaResponse.swift */,
				49621E8823985E6E00C10680 /* MediaItemProduct.swift */,
				49621E8923985E6E00C10680 /* MediaItemSource.swift */,
				4970E2DE2398807200DE70CF /* Image.swift */,
				4970E2E02398809500DE70CF /* Video.swift */,
				4970E2E2239882AF00DE70CF /* NetworkMedia.swift */,
				49621E8A23985E6E00C10680 /* NetworkPhoto.swift */,
				4970E2EA23988F2D00DE70CF /* NetworkVideo.swift */,
				4970E2EC2398905300DE70CF /* NetworkGif.swift */,
			);
			path = Responses;
			sourceTree = "<group>";
		};
		49621E9323985EC300C10680 /* Shared */ = {
			isa = PBXGroup;
			children = (
				49621E9423985ED000C10680 /* PagingCursor.swift */,
			);
			path = Shared;
			sourceTree = "<group>";
		};
/* End PBXGroup section */

/* Begin PBXHeadersBuildPhase section */
		490F1C7422FB7A45008DBA11 /* Headers */ = {
			isa = PBXHeadersBuildPhase;
			buildActionMask = 2147483647;
			files = (
				490F1C8A22FB7A46008DBA11 /* CuralateKit.h in Headers */,
			);
			runOnlyForDeploymentPostprocessing = 0;
		};
/* End PBXHeadersBuildPhase section */

/* Begin PBXNativeTarget section */
		490F1C7822FB7A45008DBA11 /* CuralateKit */ = {
			isa = PBXNativeTarget;
			buildConfigurationList = 490F1C8D22FB7A46008DBA11 /* Build configuration list for PBXNativeTarget "CuralateKit" */;
			buildPhases = (
				490F1C7422FB7A45008DBA11 /* Headers */,
				490F1C7522FB7A45008DBA11 /* Sources */,
				490F1C7622FB7A45008DBA11 /* Frameworks */,
				490F1C7722FB7A45008DBA11 /* Resources */,
				494B262823A1519C00FF2812 /* Embed Frameworks */,
			);
			buildRules = (
			);
			dependencies = (
			);
			name = CuralateKit;
			productName = CuralateKit;
			productReference = 490F1C7922FB7A45008DBA11 /* CuralateKit.framework */;
			productType = "com.apple.product-type.framework";
		};
		4927A383239860E100050296 /* CuralateKitTests */ = {
			isa = PBXNativeTarget;
			buildConfigurationList = 4927A38E239860E100050296 /* Build configuration list for PBXNativeTarget "CuralateKitTests" */;
			buildPhases = (
				4927A380239860E100050296 /* Sources */,
				4927A381239860E100050296 /* Frameworks */,
				4927A382239860E100050296 /* Resources */,
				494B262923A151E400FF2812 /* CopyFiles */,
			);
			buildRules = (
			);
			dependencies = (
				4927A38B239860E100050296 /* PBXTargetDependency */,
			);
			name = CuralateKitTests;
			productName = CuralateKitTests;
			productReference = 4927A384239860E100050296 /* CuralateKitTests.xctest */;
			productType = "com.apple.product-type.bundle.unit-test";
		};
/* End PBXNativeTarget section */

/* Begin PBXProject section */
		490F1C7022FB7A45008DBA11 /* Project object */ = {
			isa = PBXProject;
			attributes = {
				LastSwiftUpdateCheck = 1100;
				LastUpgradeCheck = 1030;
				ORGANIZATIONNAME = "Curalate, Inc.";
				TargetAttributes = {
					490F1C7822FB7A45008DBA11 = {
						CreatedOnToolsVersion = 10.3;
						LastSwiftMigration = 1030;
					};
					4927A383239860E100050296 = {
						CreatedOnToolsVersion = 11.0;
					};
				};
			};
			buildConfigurationList = 490F1C7322FB7A45008DBA11 /* Build configuration list for PBXProject "CuralateKit" */;
			compatibilityVersion = "Xcode 9.3";
			developmentRegion = en;
			hasScannedForEncodings = 0;
			knownRegions = (
				en,
			);
			mainGroup = 490F1C6F22FB7A45008DBA11;
			productRefGroup = 490F1C7A22FB7A45008DBA11 /* Products */;
			projectDirPath = "";
			projectRoot = "";
			targets = (
				490F1C7822FB7A45008DBA11 /* CuralateKit */,
				4927A383239860E100050296 /* CuralateKitTests */,
			);
		};
/* End PBXProject section */

/* Begin PBXResourcesBuildPhase section */
		490F1C7722FB7A45008DBA11 /* Resources */ = {
			isa = PBXResourcesBuildPhase;
			buildActionMask = 2147483647;
			files = (
			);
			runOnlyForDeploymentPostprocessing = 0;
		};
		4927A382239860E100050296 /* Resources */ = {
			isa = PBXResourcesBuildPhase;
			buildActionMask = 2147483647;
			files = (
				4970E2DD2398738600DE70CF /* getMedia01.json in Resources */,
			);
			runOnlyForDeploymentPostprocessing = 0;
		};
/* End PBXResourcesBuildPhase section */

/* Begin PBXSourcesBuildPhase section */
		490F1C7522FB7A45008DBA11 /* Sources */ = {
			isa = PBXSourcesBuildPhase;
			buildActionMask = 2147483647;
			files = (
				49621E8223985E0100C10680 /* String.swift in Sources */,
				49621E8C23985E6E00C10680 /* MediaItem.swift in Sources */,
				49621E9523985ED000C10680 /* PagingCursor.swift in Sources */,
				496DE399230B21610033CABE /* MediaSort.swift in Sources */,
				4962A78E2301D74A00DBF815 /* Curalate.swift in Sources */,
				49F089822318294B0046C455 /* EventType.swift in Sources */,
				4970E2DF2398807200DE70CF /* Image.swift in Sources */,
				4970E2E3239882AF00DE70CF /* NetworkMedia.swift in Sources */,
				49621E8E23985E6E00C10680 /* MediaItemSource.swift in Sources */,
				496DE397230B162A0033CABE /* CuralateAPIError.swift in Sources */,
				4970E2ED2398905300DE70CF /* NetworkGif.swift in Sources */,
				49621E8B23985E6E00C10680 /* NetworkPhoto.swift in Sources */,
				4962A7862301D12000DBF815 /* Client.swift in Sources */,
				4970E2E12398809500DE70CF /* Video.swift in Sources */,
				49621E9023985E8E00C10680 /* GetMediaResponse.swift in Sources */,
				49621E9223985EA300C10680 /* MediaFilter.swift in Sources */,
				4970E2EB23988F2D00DE70CF /* NetworkVideo.swift in Sources */,
				49621E8D23985E6E00C10680 /* MediaItemProduct.swift in Sources */,
			);
			runOnlyForDeploymentPostprocessing = 0;
		};
		4927A380239860E100050296 /* Sources */ = {
			isa = PBXSourcesBuildPhase;
			buildActionMask = 2147483647;
			files = (
				4927A387239860E100050296 /* CuralateKitTests.swift in Sources */,
			);
			runOnlyForDeploymentPostprocessing = 0;
		};
/* End PBXSourcesBuildPhase section */

/* Begin PBXTargetDependency section */
		4927A38B239860E100050296 /* PBXTargetDependency */ = {
			isa = PBXTargetDependency;
			target = 490F1C7822FB7A45008DBA11 /* CuralateKit */;
			targetProxy = 4927A38A239860E100050296 /* PBXContainerItemProxy */;
		};
/* End PBXTargetDependency section */

/* Begin XCBuildConfiguration section */
		490F1C8B22FB7A46008DBA11 /* Debug */ = {
			isa = XCBuildConfiguration;
			buildSettings = {
				ALWAYS_SEARCH_USER_PATHS = NO;
				CLANG_ANALYZER_NONNULL = YES;
				CLANG_ANALYZER_NUMBER_OBJECT_CONVERSION = YES_AGGRESSIVE;
				CLANG_CXX_LANGUAGE_STANDARD = "gnu++14";
				CLANG_CXX_LIBRARY = "libc++";
				CLANG_ENABLE_MODULES = YES;
				CLANG_ENABLE_OBJC_ARC = YES;
				CLANG_ENABLE_OBJC_WEAK = YES;
				CLANG_WARN_BLOCK_CAPTURE_AUTORELEASING = YES;
				CLANG_WARN_BOOL_CONVERSION = YES;
				CLANG_WARN_COMMA = YES;
				CLANG_WARN_CONSTANT_CONVERSION = YES;
				CLANG_WARN_DEPRECATED_OBJC_IMPLEMENTATIONS = YES;
				CLANG_WARN_DIRECT_OBJC_ISA_USAGE = YES_ERROR;
				CLANG_WARN_DOCUMENTATION_COMMENTS = YES;
				CLANG_WARN_EMPTY_BODY = YES;
				CLANG_WARN_ENUM_CONVERSION = YES;
				CLANG_WARN_INFINITE_RECURSION = YES;
				CLANG_WARN_INT_CONVERSION = YES;
				CLANG_WARN_NON_LITERAL_NULL_CONVERSION = YES;
				CLANG_WARN_OBJC_IMPLICIT_RETAIN_SELF = YES;
				CLANG_WARN_OBJC_LITERAL_CONVERSION = YES;
				CLANG_WARN_OBJC_ROOT_CLASS = YES_ERROR;
				CLANG_WARN_RANGE_LOOP_ANALYSIS = YES;
				CLANG_WARN_STRICT_PROTOTYPES = YES;
				CLANG_WARN_SUSPICIOUS_MOVE = YES;
				CLANG_WARN_UNGUARDED_AVAILABILITY = YES_AGGRESSIVE;
				CLANG_WARN_UNREACHABLE_CODE = YES;
				CLANG_WARN__DUPLICATE_METHOD_MATCH = YES;
				CODE_SIGN_IDENTITY = "iPhone Developer";
				COPY_PHASE_STRIP = NO;
				CURRENT_PROJECT_VERSION = 1;
				DEBUG_INFORMATION_FORMAT = dwarf;
				ENABLE_STRICT_OBJC_MSGSEND = YES;
				ENABLE_TESTABILITY = YES;
				GCC_C_LANGUAGE_STANDARD = gnu11;
				GCC_DYNAMIC_NO_PIC = NO;
				GCC_NO_COMMON_BLOCKS = YES;
				GCC_OPTIMIZATION_LEVEL = 0;
				GCC_PREPROCESSOR_DEFINITIONS = (
					"DEBUG=1",
					"$(inherited)",
				);
				GCC_WARN_64_TO_32_BIT_CONVERSION = YES;
				GCC_WARN_ABOUT_RETURN_TYPE = YES_ERROR;
				GCC_WARN_UNDECLARED_SELECTOR = YES;
				GCC_WARN_UNINITIALIZED_AUTOS = YES_AGGRESSIVE;
				GCC_WARN_UNUSED_FUNCTION = YES;
				GCC_WARN_UNUSED_VARIABLE = YES;
				IPHONEOS_DEPLOYMENT_TARGET = 11.0;
				MTL_ENABLE_DEBUG_INFO = INCLUDE_SOURCE;
				MTL_FAST_MATH = YES;
				ONLY_ACTIVE_ARCH = YES;
				SDKROOT = iphoneos;
				SWIFT_ACTIVE_COMPILATION_CONDITIONS = DEBUG;
				SWIFT_OPTIMIZATION_LEVEL = "-Onone";
				VERSIONING_SYSTEM = "apple-generic";
				VERSION_INFO_PREFIX = "";
			};
			name = Debug;
		};
		490F1C8C22FB7A46008DBA11 /* Release */ = {
			isa = XCBuildConfiguration;
			buildSettings = {
				ALWAYS_SEARCH_USER_PATHS = NO;
				CLANG_ANALYZER_NONNULL = YES;
				CLANG_ANALYZER_NUMBER_OBJECT_CONVERSION = YES_AGGRESSIVE;
				CLANG_CXX_LANGUAGE_STANDARD = "gnu++14";
				CLANG_CXX_LIBRARY = "libc++";
				CLANG_ENABLE_MODULES = YES;
				CLANG_ENABLE_OBJC_ARC = YES;
				CLANG_ENABLE_OBJC_WEAK = YES;
				CLANG_WARN_BLOCK_CAPTURE_AUTORELEASING = YES;
				CLANG_WARN_BOOL_CONVERSION = YES;
				CLANG_WARN_COMMA = YES;
				CLANG_WARN_CONSTANT_CONVERSION = YES;
				CLANG_WARN_DEPRECATED_OBJC_IMPLEMENTATIONS = YES;
				CLANG_WARN_DIRECT_OBJC_ISA_USAGE = YES_ERROR;
				CLANG_WARN_DOCUMENTATION_COMMENTS = YES;
				CLANG_WARN_EMPTY_BODY = YES;
				CLANG_WARN_ENUM_CONVERSION = YES;
				CLANG_WARN_INFINITE_RECURSION = YES;
				CLANG_WARN_INT_CONVERSION = YES;
				CLANG_WARN_NON_LITERAL_NULL_CONVERSION = YES;
				CLANG_WARN_OBJC_IMPLICIT_RETAIN_SELF = YES;
				CLANG_WARN_OBJC_LITERAL_CONVERSION = YES;
				CLANG_WARN_OBJC_ROOT_CLASS = YES_ERROR;
				CLANG_WARN_RANGE_LOOP_ANALYSIS = YES;
				CLANG_WARN_STRICT_PROTOTYPES = YES;
				CLANG_WARN_SUSPICIOUS_MOVE = YES;
				CLANG_WARN_UNGUARDED_AVAILABILITY = YES_AGGRESSIVE;
				CLANG_WARN_UNREACHABLE_CODE = YES;
				CLANG_WARN__DUPLICATE_METHOD_MATCH = YES;
				CODE_SIGN_IDENTITY = "iPhone Developer";
				COPY_PHASE_STRIP = NO;
				CURRENT_PROJECT_VERSION = 1;
				DEBUG_INFORMATION_FORMAT = "dwarf-with-dsym";
				ENABLE_NS_ASSERTIONS = NO;
				ENABLE_STRICT_OBJC_MSGSEND = YES;
				GCC_C_LANGUAGE_STANDARD = gnu11;
				GCC_NO_COMMON_BLOCKS = YES;
				GCC_WARN_64_TO_32_BIT_CONVERSION = YES;
				GCC_WARN_ABOUT_RETURN_TYPE = YES_ERROR;
				GCC_WARN_UNDECLARED_SELECTOR = YES;
				GCC_WARN_UNINITIALIZED_AUTOS = YES_AGGRESSIVE;
				GCC_WARN_UNUSED_FUNCTION = YES;
				GCC_WARN_UNUSED_VARIABLE = YES;
				IPHONEOS_DEPLOYMENT_TARGET = 11.0;
				MTL_ENABLE_DEBUG_INFO = NO;
				MTL_FAST_MATH = YES;
				SDKROOT = iphoneos;
				SWIFT_COMPILATION_MODE = wholemodule;
				SWIFT_OPTIMIZATION_LEVEL = "-O";
				VALIDATE_PRODUCT = YES;
				VERSIONING_SYSTEM = "apple-generic";
				VERSION_INFO_PREFIX = "";
			};
			name = Release;
		};
		490F1C8E22FB7A46008DBA11 /* Debug */ = {
			isa = XCBuildConfiguration;
			buildSettings = {
				CLANG_ENABLE_MODULES = YES;
				CODE_SIGN_IDENTITY = "";
				CODE_SIGN_STYLE = Automatic;
				DEFINES_MODULE = YES;
				DEVELOPMENT_ASSET_PATHS = "";
				DEVELOPMENT_TEAM = C3QCXR3YXK;
				DYLIB_COMPATIBILITY_VERSION = 1;
				DYLIB_CURRENT_VERSION = 1;
				DYLIB_INSTALL_NAME_BASE = "@rpath";
				FRAMEWORK_SEARCH_PATHS = (
					"$(inherited)",
					"$(PROJECT_DIR)/Carthage/Build/iOS",
				);
				INFOPLIST_FILE = CuralateKit/Info.plist;
				INSTALL_PATH = "$(LOCAL_LIBRARY_DIR)/Frameworks";
				IPHONEOS_DEPLOYMENT_TARGET = 11.0;
				LD_RUNPATH_SEARCH_PATHS = (
					"$(inherited)",
					"@executable_path/Frameworks",
					"@loader_path/Frameworks",
				);
				PRODUCT_BUNDLE_IDENTIFIER = com.curalate.CuralateKit;
				PRODUCT_NAME = "$(TARGET_NAME:c99extidentifier)";
				SKIP_INSTALL = YES;
				SWIFT_OPTIMIZATION_LEVEL = "-Onone";
				SWIFT_VERSION = 5.0;
				TARGETED_DEVICE_FAMILY = "1,2";
			};
			name = Debug;
		};
		490F1C8F22FB7A46008DBA11 /* Release */ = {
			isa = XCBuildConfiguration;
			buildSettings = {
				CLANG_ENABLE_MODULES = YES;
				CODE_SIGN_IDENTITY = "";
				CODE_SIGN_STYLE = Automatic;
				DEFINES_MODULE = YES;
				DEVELOPMENT_ASSET_PATHS = "";
				DEVELOPMENT_TEAM = C3QCXR3YXK;
				DYLIB_COMPATIBILITY_VERSION = 1;
				DYLIB_CURRENT_VERSION = 1;
				DYLIB_INSTALL_NAME_BASE = "@rpath";
				FRAMEWORK_SEARCH_PATHS = (
					"$(inherited)",
					"$(PROJECT_DIR)/Carthage/Build/iOS",
				);
				INFOPLIST_FILE = CuralateKit/Info.plist;
				INSTALL_PATH = "$(LOCAL_LIBRARY_DIR)/Frameworks";
				IPHONEOS_DEPLOYMENT_TARGET = 11.0;
				LD_RUNPATH_SEARCH_PATHS = (
					"$(inherited)",
					"@executable_path/Frameworks",
					"@loader_path/Frameworks",
				);
				PRODUCT_BUNDLE_IDENTIFIER = com.curalate.CuralateKit;
				PRODUCT_NAME = "$(TARGET_NAME:c99extidentifier)";
				SKIP_INSTALL = YES;
				SWIFT_VERSION = 5.0;
				TARGETED_DEVICE_FAMILY = "1,2";
			};
			name = Release;
		};
		4927A38C239860E100050296 /* Debug */ = {
			isa = XCBuildConfiguration;
			buildSettings = {
				CODE_SIGN_STYLE = Automatic;
				DEVELOPMENT_TEAM = C3QCXR3YXK;
				FRAMEWORK_SEARCH_PATHS = (
					"$(inherited)",
					"$(PROJECT_DIR)/Carthage/Build/iOS",
				);
				INFOPLIST_FILE = CuralateKitTests/Info.plist;
				IPHONEOS_DEPLOYMENT_TARGET = 11.0;
				LD_RUNPATH_SEARCH_PATHS = (
					"$(inherited)",
					"@executable_path/Frameworks",
					"@loader_path/Frameworks",
				);
				PRODUCT_BUNDLE_IDENTIFIER = com.curalate.CuralateKitTests;
				PRODUCT_NAME = "$(TARGET_NAME)";
				SWIFT_VERSION = 5.0;
				TARGETED_DEVICE_FAMILY = "1,2";
			};
			name = Debug;
		};
		4927A38D239860E100050296 /* Release */ = {
			isa = XCBuildConfiguration;
			buildSettings = {
				CODE_SIGN_STYLE = Automatic;
				DEVELOPMENT_TEAM = C3QCXR3YXK;
				FRAMEWORK_SEARCH_PATHS = (
					"$(inherited)",
					"$(PROJECT_DIR)/Carthage/Build/iOS",
				);
				INFOPLIST_FILE = CuralateKitTests/Info.plist;
				IPHONEOS_DEPLOYMENT_TARGET = 11.0;
				LD_RUNPATH_SEARCH_PATHS = (
					"$(inherited)",
					"@executable_path/Frameworks",
					"@loader_path/Frameworks",
				);
				PRODUCT_BUNDLE_IDENTIFIER = com.curalate.CuralateKitTests;
				PRODUCT_NAME = "$(TARGET_NAME)";
				SWIFT_VERSION = 5.0;
				TARGETED_DEVICE_FAMILY = "1,2";
			};
			name = Release;
		};
/* End XCBuildConfiguration section */

/* Begin XCConfigurationList section */
		490F1C7322FB7A45008DBA11 /* Build configuration list for PBXProject "CuralateKit" */ = {
			isa = XCConfigurationList;
			buildConfigurations = (
				490F1C8B22FB7A46008DBA11 /* Debug */,
				490F1C8C22FB7A46008DBA11 /* Release */,
			);
			defaultConfigurationIsVisible = 0;
			defaultConfigurationName = Release;
		};
		490F1C8D22FB7A46008DBA11 /* Build configuration list for PBXNativeTarget "CuralateKit" */ = {
			isa = XCConfigurationList;
			buildConfigurations = (
				490F1C8E22FB7A46008DBA11 /* Debug */,
				490F1C8F22FB7A46008DBA11 /* Release */,
			);
			defaultConfigurationIsVisible = 0;
			defaultConfigurationName = Release;
		};
		4927A38E239860E100050296 /* Build configuration list for PBXNativeTarget "CuralateKitTests" */ = {
			isa = XCConfigurationList;
			buildConfigurations = (
				4927A38C239860E100050296 /* Debug */,
				4927A38D239860E100050296 /* Release */,
			);
			defaultConfigurationIsVisible = 0;
			defaultConfigurationName = Release;
		};
/* End XCConfigurationList section */
	};
	rootObject = 490F1C7022FB7A45008DBA11 /* Project object */;
}
